// !$*UTF8*$!
{
	archiveVersion = 1;
	classes = {
	};
	objectVersion = 56;
	objects = {

/* Begin PBXBuildFile section */
		62234C482B7FBA96006C17A7 /* WidgetKit.framework in Frameworks */ = {isa = PBXBuildFile; fileRef = 62234C472B7FBA96006C17A7 /* WidgetKit.framework */; };
		62234C4A2B7FBA96006C17A7 /* SwiftUI.framework in Frameworks */ = {isa = PBXBuildFile; fileRef = 62234C492B7FBA96006C17A7 /* SwiftUI.framework */; };
		62234C4D2B7FBA96006C17A7 /* SwiftCalendarWidgetBundle.swift in Sources */ = {isa = PBXBuildFile; fileRef = 62234C4C2B7FBA96006C17A7 /* SwiftCalendarWidgetBundle.swift */; };
		62234C4F2B7FBA96006C17A7 /* SwiftCalendarWidgetLiveActivity.swift in Sources */ = {isa = PBXBuildFile; fileRef = 62234C4E2B7FBA96006C17A7 /* SwiftCalendarWidgetLiveActivity.swift */; };
		62234C512B7FBA96006C17A7 /* SwiftCalendarWidget.swift in Sources */ = {isa = PBXBuildFile; fileRef = 62234C502B7FBA96006C17A7 /* SwiftCalendarWidget.swift */; };
		62234C532B7FBA98006C17A7 /* Assets.xcassets in Resources */ = {isa = PBXBuildFile; fileRef = 62234C522B7FBA98006C17A7 /* Assets.xcassets */; };
		62234C572B7FBA98006C17A7 /* SwiftCalendarWidgetExtension.appex in Embed Foundation Extensions */ = {isa = PBXBuildFile; fileRef = 62234C452B7FBA96006C17A7 /* SwiftCalendarWidgetExtension.appex */; settings = {ATTRIBUTES = (RemoveHeadersOnCopy, ); }; };
		624700202B7E56A8008FEFE2 /* SwiftCalendarApp.swift in Sources */ = {isa = PBXBuildFile; fileRef = 6247001F2B7E56A8008FEFE2 /* SwiftCalendarApp.swift */; };
		624700222B7E56A8008FEFE2 /* CalendarView.swift in Sources */ = {isa = PBXBuildFile; fileRef = 624700212B7E56A8008FEFE2 /* CalendarView.swift */; };
		624700242B7E56A9008FEFE2 /* Assets.xcassets in Resources */ = {isa = PBXBuildFile; fileRef = 624700232B7E56A9008FEFE2 /* Assets.xcassets */; };
		624700272B7E56A9008FEFE2 /* Preview Assets.xcassets in Resources */ = {isa = PBXBuildFile; fileRef = 624700262B7E56A9008FEFE2 /* Preview Assets.xcassets */; };
		624700352B7E964D008FEFE2 /* Date+Ext.swift in Sources */ = {isa = PBXBuildFile; fileRef = 624700342B7E964D008FEFE2 /* Date+Ext.swift */; };
		624BC9E82B83ACF000124B41 /* CalendarHeaderView.swift in Sources */ = {isa = PBXBuildFile; fileRef = 624BC9E72B83ACF000124B41 /* CalendarHeaderView.swift */; };
		62C58DB92B84E1EE0021160B /* Date+Ext.swift in Sources */ = {isa = PBXBuildFile; fileRef = 624700342B7E964D008FEFE2 /* Date+Ext.swift */; };
		62C58DBC2B84EC910021160B /* StreakCalculator.swift in Sources */ = {isa = PBXBuildFile; fileRef = 62C58DBB2B84EC910021160B /* StreakCalculator.swift */; };
		62C58DBD2B84EC950021160B /* StreakCalculator.swift in Sources */ = {isa = PBXBuildFile; fileRef = 62C58DBB2B84EC910021160B /* StreakCalculator.swift */; };
		62C58DC22B84F03D0021160B /* CalendarView.swift in Sources */ = {isa = PBXBuildFile; fileRef = 624700212B7E56A8008FEFE2 /* CalendarView.swift */; };
		62C58DC32B84F0760021160B /* CalendarHeaderView.swift in Sources */ = {isa = PBXBuildFile; fileRef = 624BC9E72B83ACF000124B41 /* CalendarHeaderView.swift */; };
		62C58DC42B84F2B60021160B /* SwiftCalendarWidget.swift in Sources */ = {isa = PBXBuildFile; fileRef = 62234C502B7FBA96006C17A7 /* SwiftCalendarWidget.swift */; };
		62C58DC62B85286F0021160B /* Day.swift in Sources */ = {isa = PBXBuildFile; fileRef = 62C58DC52B85286F0021160B /* Day.swift */; };
		62C58DC72B85286F0021160B /* Day.swift in Sources */ = {isa = PBXBuildFile; fileRef = 62C58DC52B85286F0021160B /* Day.swift */; };
		62C58DC92B85613A0021160B /* Persistence.swift in Sources */ = {isa = PBXBuildFile; fileRef = 62C58DC82B85613A0021160B /* Persistence.swift */; };
		62C58DCA2B85663A0021160B /* Persistence.swift in Sources */ = {isa = PBXBuildFile; fileRef = 62C58DC82B85613A0021160B /* Persistence.swift */; };
		62FF08AA2B82674F00F4ACE5 /* StreakView.swift in Sources */ = {isa = PBXBuildFile; fileRef = 62FF08A92B82674F00F4ACE5 /* StreakView.swift */; };
/* End PBXBuildFile section */

/* Begin PBXContainerItemProxy section */
		62234C552B7FBA98006C17A7 /* PBXContainerItemProxy */ = {
			isa = PBXContainerItemProxy;
			containerPortal = 624700142B7E56A8008FEFE2 /* Project object */;
			proxyType = 1;
			remoteGlobalIDString = 62234C442B7FBA96006C17A7;
			remoteInfo = SwiftCalendarWidgetExtension;
		};
/* End PBXContainerItemProxy section */

/* Begin PBXCopyFilesBuildPhase section */
		62234C582B7FBA98006C17A7 /* Embed Foundation Extensions */ = {
			isa = PBXCopyFilesBuildPhase;
			buildActionMask = 2147483647;
			dstPath = "";
			dstSubfolderSpec = 13;
			files = (
				62234C572B7FBA98006C17A7 /* SwiftCalendarWidgetExtension.appex in Embed Foundation Extensions */,
			);
			name = "Embed Foundation Extensions";
			runOnlyForDeploymentPostprocessing = 0;
		};
/* End PBXCopyFilesBuildPhase section */

/* Begin PBXFileReference section */
		62234C452B7FBA96006C17A7 /* SwiftCalendarWidgetExtension.appex */ = {isa = PBXFileReference; explicitFileType = "wrapper.app-extension"; includeInIndex = 0; path = SwiftCalendarWidgetExtension.appex; sourceTree = BUILT_PRODUCTS_DIR; };
		62234C472B7FBA96006C17A7 /* WidgetKit.framework */ = {isa = PBXFileReference; lastKnownFileType = wrapper.framework; name = WidgetKit.framework; path = System/Library/Frameworks/WidgetKit.framework; sourceTree = SDKROOT; };
		62234C492B7FBA96006C17A7 /* SwiftUI.framework */ = {isa = PBXFileReference; lastKnownFileType = wrapper.framework; name = SwiftUI.framework; path = System/Library/Frameworks/SwiftUI.framework; sourceTree = SDKROOT; };
		62234C4C2B7FBA96006C17A7 /* SwiftCalendarWidgetBundle.swift */ = {isa = PBXFileReference; lastKnownFileType = sourcecode.swift; path = SwiftCalendarWidgetBundle.swift; sourceTree = "<group>"; };
		62234C4E2B7FBA96006C17A7 /* SwiftCalendarWidgetLiveActivity.swift */ = {isa = PBXFileReference; lastKnownFileType = sourcecode.swift; path = SwiftCalendarWidgetLiveActivity.swift; sourceTree = "<group>"; };
		62234C502B7FBA96006C17A7 /* SwiftCalendarWidget.swift */ = {isa = PBXFileReference; lastKnownFileType = sourcecode.swift; path = SwiftCalendarWidget.swift; sourceTree = "<group>"; };
		62234C522B7FBA98006C17A7 /* Assets.xcassets */ = {isa = PBXFileReference; lastKnownFileType = folder.assetcatalog; path = Assets.xcassets; sourceTree = "<group>"; };
		62234C542B7FBA98006C17A7 /* Info.plist */ = {isa = PBXFileReference; lastKnownFileType = text.plist.xml; path = Info.plist; sourceTree = "<group>"; };
		6247001C2B7E56A8008FEFE2 /* SwiftCalendar.app */ = {isa = PBXFileReference; explicitFileType = wrapper.application; includeInIndex = 0; path = SwiftCalendar.app; sourceTree = BUILT_PRODUCTS_DIR; };
		6247001F2B7E56A8008FEFE2 /* SwiftCalendarApp.swift */ = {isa = PBXFileReference; lastKnownFileType = sourcecode.swift; path = SwiftCalendarApp.swift; sourceTree = "<group>"; };
		624700212B7E56A8008FEFE2 /* CalendarView.swift */ = {isa = PBXFileReference; lastKnownFileType = sourcecode.swift; path = CalendarView.swift; sourceTree = "<group>"; };
		624700232B7E56A9008FEFE2 /* Assets.xcassets */ = {isa = PBXFileReference; lastKnownFileType = folder.assetcatalog; path = Assets.xcassets; sourceTree = "<group>"; };
		624700262B7E56A9008FEFE2 /* Preview Assets.xcassets */ = {isa = PBXFileReference; lastKnownFileType = folder.assetcatalog; path = "Preview Assets.xcassets"; sourceTree = "<group>"; };
		6247002D2B7E56A9008FEFE2 /* SwiftCalendar.entitlements */ = {isa = PBXFileReference; lastKnownFileType = text.plist.entitlements; path = SwiftCalendar.entitlements; sourceTree = "<group>"; };
		6247002E2B7E56A9008FEFE2 /* Info.plist */ = {isa = PBXFileReference; lastKnownFileType = text.plist.xml; path = Info.plist; sourceTree = "<group>"; };
		624700342B7E964D008FEFE2 /* Date+Ext.swift */ = {isa = PBXFileReference; lastKnownFileType = sourcecode.swift; path = "Date+Ext.swift"; sourceTree = "<group>"; };
		624BC9E72B83ACF000124B41 /* CalendarHeaderView.swift */ = {isa = PBXFileReference; lastKnownFileType = sourcecode.swift; path = CalendarHeaderView.swift; sourceTree = "<group>"; };
		62C58DBB2B84EC910021160B /* StreakCalculator.swift */ = {isa = PBXFileReference; lastKnownFileType = sourcecode.swift; path = StreakCalculator.swift; sourceTree = "<group>"; };
		62C58DC52B85286F0021160B /* Day.swift */ = {isa = PBXFileReference; lastKnownFileType = sourcecode.swift; path = Day.swift; sourceTree = "<group>"; };
		62C58DC82B85613A0021160B /* Persistence.swift */ = {isa = PBXFileReference; lastKnownFileType = sourcecode.swift; path = Persistence.swift; sourceTree = "<group>"; };
		62F0DD922B7FBDD6006182A0 /* SwiftCalendarWidgetExtension.entitlements */ = {isa = PBXFileReference; lastKnownFileType = text.plist.entitlements; path = SwiftCalendarWidgetExtension.entitlements; sourceTree = "<group>"; };
		62FF08A92B82674F00F4ACE5 /* StreakView.swift */ = {isa = PBXFileReference; lastKnownFileType = sourcecode.swift; path = StreakView.swift; sourceTree = "<group>"; };
/* End PBXFileReference section */

/* Begin PBXFrameworksBuildPhase section */
		62234C422B7FBA96006C17A7 /* Frameworks */ = {
			isa = PBXFrameworksBuildPhase;
			buildActionMask = 2147483647;
			files = (
				62234C4A2B7FBA96006C17A7 /* SwiftUI.framework in Frameworks */,
				62234C482B7FBA96006C17A7 /* WidgetKit.framework in Frameworks */,
			);
			runOnlyForDeploymentPostprocessing = 0;
		};
		624700192B7E56A8008FEFE2 /* Frameworks */ = {
			isa = PBXFrameworksBuildPhase;
			buildActionMask = 2147483647;
			files = (
			);
			runOnlyForDeploymentPostprocessing = 0;
		};
/* End PBXFrameworksBuildPhase section */

/* Begin PBXGroup section */
		62234C462B7FBA96006C17A7 /* Frameworks */ = {
			isa = PBXGroup;
			children = (
				62234C472B7FBA96006C17A7 /* WidgetKit.framework */,
				62234C492B7FBA96006C17A7 /* SwiftUI.framework */,
			);
			name = Frameworks;
			sourceTree = "<group>";
		};
		62234C4B2B7FBA96006C17A7 /* SwiftCalendarWidget */ = {
			isa = PBXGroup;
			children = (
				62234C4C2B7FBA96006C17A7 /* SwiftCalendarWidgetBundle.swift */,
				62234C4E2B7FBA96006C17A7 /* SwiftCalendarWidgetLiveActivity.swift */,
				62234C502B7FBA96006C17A7 /* SwiftCalendarWidget.swift */,
				62234C522B7FBA98006C17A7 /* Assets.xcassets */,
				62234C542B7FBA98006C17A7 /* Info.plist */,
			);
			path = SwiftCalendarWidget;
			sourceTree = "<group>";
		};
		624700132B7E56A8008FEFE2 = {
			isa = PBXGroup;
			children = (
				62F0DD922B7FBDD6006182A0 /* SwiftCalendarWidgetExtension.entitlements */,
				6247001E2B7E56A8008FEFE2 /* SwiftCalendar */,
				62234C4B2B7FBA96006C17A7 /* SwiftCalendarWidget */,
				62234C462B7FBA96006C17A7 /* Frameworks */,
				6247001D2B7E56A8008FEFE2 /* Products */,
			);
			sourceTree = "<group>";
		};
		6247001D2B7E56A8008FEFE2 /* Products */ = {
			isa = PBXGroup;
			children = (
				6247001C2B7E56A8008FEFE2 /* SwiftCalendar.app */,
				62234C452B7FBA96006C17A7 /* SwiftCalendarWidgetExtension.appex */,
			);
			name = Products;
			sourceTree = "<group>";
		};
		6247001E2B7E56A8008FEFE2 /* SwiftCalendar */ = {
			isa = PBXGroup;
			children = (
				62C58DBE2B84ECB30021160B /* Model */,
				62C58DBF2B84ECB80021160B /* View */,
				62C58DC02B84ECBC0021160B /* ViewModel */,
				624700232B7E56A9008FEFE2 /* Assets.xcassets */,
				6247002D2B7E56A9008FEFE2 /* SwiftCalendar.entitlements */,
				6247002E2B7E56A9008FEFE2 /* Info.plist */,
				624700252B7E56A9008FEFE2 /* Preview Content */,
			);
			path = SwiftCalendar;
			sourceTree = "<group>";
		};
		624700252B7E56A9008FEFE2 /* Preview Content */ = {
			isa = PBXGroup;
			children = (
				624700262B7E56A9008FEFE2 /* Preview Assets.xcassets */,
			);
			path = "Preview Content";
			sourceTree = "<group>";
		};
		62C58DBE2B84ECB30021160B /* Model */ = {
			isa = PBXGroup;
			children = (
				62C58DC52B85286F0021160B /* Day.swift */,
				62C58DBB2B84EC910021160B /* StreakCalculator.swift */,
				624700342B7E964D008FEFE2 /* Date+Ext.swift */,
				62C58DC82B85613A0021160B /* Persistence.swift */,
			);
			path = Model;
			sourceTree = "<group>";
		};
		62C58DBF2B84ECB80021160B /* View */ = {
			isa = PBXGroup;
			children = (
				624700212B7E56A8008FEFE2 /* CalendarView.swift */,
				62FF08A92B82674F00F4ACE5 /* StreakView.swift */,
			);
			path = View;
			sourceTree = "<group>";
		};
		62C58DC02B84ECBC0021160B /* ViewModel */ = {
			isa = PBXGroup;
			children = (
				6247001F2B7E56A8008FEFE2 /* SwiftCalendarApp.swift */,
				624BC9E72B83ACF000124B41 /* CalendarHeaderView.swift */,
			);
			path = ViewModel;
			sourceTree = "<group>";
		};
/* End PBXGroup section */

/* Begin PBXNativeTarget section */
		62234C442B7FBA96006C17A7 /* SwiftCalendarWidgetExtension */ = {
			isa = PBXNativeTarget;
			buildConfigurationList = 62234C5B2B7FBA98006C17A7 /* Build configuration list for PBXNativeTarget "SwiftCalendarWidgetExtension" */;
			buildPhases = (
				62234C412B7FBA96006C17A7 /* Sources */,
				62234C422B7FBA96006C17A7 /* Frameworks */,
				62234C432B7FBA96006C17A7 /* Resources */,
			);
			buildRules = (
			);
			dependencies = (
			);
			name = SwiftCalendarWidgetExtension;
			productName = SwiftCalendarWidgetExtension;
			productReference = 62234C452B7FBA96006C17A7 /* SwiftCalendarWidgetExtension.appex */;
			productType = "com.apple.product-type.app-extension";
		};
		6247001B2B7E56A8008FEFE2 /* SwiftCalendar */ = {
			isa = PBXNativeTarget;
			buildConfigurationList = 624700312B7E56A9008FEFE2 /* Build configuration list for PBXNativeTarget "SwiftCalendar" */;
			buildPhases = (
				624700182B7E56A8008FEFE2 /* Sources */,
				624700192B7E56A8008FEFE2 /* Frameworks */,
				6247001A2B7E56A8008FEFE2 /* Resources */,
				62234C582B7FBA98006C17A7 /* Embed Foundation Extensions */,
			);
			buildRules = (
			);
			dependencies = (
				62234C562B7FBA98006C17A7 /* PBXTargetDependency */,
			);
			name = SwiftCalendar;
			productName = SwiftCalendar;
			productReference = 6247001C2B7E56A8008FEFE2 /* SwiftCalendar.app */;
			productType = "com.apple.product-type.application";
		};
/* End PBXNativeTarget section */

/* Begin PBXProject section */
		624700142B7E56A8008FEFE2 /* Project object */ = {
			isa = PBXProject;
			attributes = {
				BuildIndependentTargetsInParallel = 1;
				LastSwiftUpdateCheck = 1520;
				LastUpgradeCheck = 1520;
				TargetAttributes = {
					62234C442B7FBA96006C17A7 = {
						CreatedOnToolsVersion = 15.2;
					};
					6247001B2B7E56A8008FEFE2 = {
						CreatedOnToolsVersion = 15.2;
					};
				};
			};
			buildConfigurationList = 624700172B7E56A8008FEFE2 /* Build configuration list for PBXProject "SwiftCalendar" */;
			compatibilityVersion = "Xcode 14.0";
			developmentRegion = en;
			hasScannedForEncodings = 0;
			knownRegions = (
				en,
				Base,
			);
			mainGroup = 624700132B7E56A8008FEFE2;
			productRefGroup = 6247001D2B7E56A8008FEFE2 /* Products */;
			projectDirPath = "";
			projectRoot = "";
			targets = (
				6247001B2B7E56A8008FEFE2 /* SwiftCalendar */,
				62234C442B7FBA96006C17A7 /* SwiftCalendarWidgetExtension */,
			);
		};
/* End PBXProject section */

/* Begin PBXResourcesBuildPhase section */
		62234C432B7FBA96006C17A7 /* Resources */ = {
			isa = PBXResourcesBuildPhase;
			buildActionMask = 2147483647;
			files = (
				62234C532B7FBA98006C17A7 /* Assets.xcassets in Resources */,
			);
			runOnlyForDeploymentPostprocessing = 0;
		};
		6247001A2B7E56A8008FEFE2 /* Resources */ = {
			isa = PBXResourcesBuildPhase;
			buildActionMask = 2147483647;
			files = (
				624700272B7E56A9008FEFE2 /* Preview Assets.xcassets in Resources */,
				624700242B7E56A9008FEFE2 /* Assets.xcassets in Resources */,
			);
			runOnlyForDeploymentPostprocessing = 0;
		};
/* End PBXResourcesBuildPhase section */

/* Begin PBXSourcesBuildPhase section */
		62234C412B7FBA96006C17A7 /* Sources */ = {
			isa = PBXSourcesBuildPhase;
			buildActionMask = 2147483647;
			files = (
				62234C512B7FBA96006C17A7 /* SwiftCalendarWidget.swift in Sources */,
				62234C4F2B7FBA96006C17A7 /* SwiftCalendarWidgetLiveActivity.swift in Sources */,
				62C58DC22B84F03D0021160B /* CalendarView.swift in Sources */,
				62C58DB92B84E1EE0021160B /* Date+Ext.swift in Sources */,
				62C58DBD2B84EC950021160B /* StreakCalculator.swift in Sources */,
				62C58DCA2B85663A0021160B /* Persistence.swift in Sources */,
				62C58DC32B84F0760021160B /* CalendarHeaderView.swift in Sources */,
				62C58DC72B85286F0021160B /* Day.swift in Sources */,
				62234C4D2B7FBA96006C17A7 /* SwiftCalendarWidgetBundle.swift in Sources */,
			);
			runOnlyForDeploymentPostprocessing = 0;
		};
		624700182B7E56A8008FEFE2 /* Sources */ = {
			isa = PBXSourcesBuildPhase;
			buildActionMask = 2147483647;
			files = (
				62FF08AA2B82674F00F4ACE5 /* StreakView.swift in Sources */,
				624BC9E82B83ACF000124B41 /* CalendarHeaderView.swift in Sources */,
				62C58DC42B84F2B60021160B /* SwiftCalendarWidget.swift in Sources */,
				624700222B7E56A8008FEFE2 /* CalendarView.swift in Sources */,
				62C58DBC2B84EC910021160B /* StreakCalculator.swift in Sources */,
				62C58DC92B85613A0021160B /* Persistence.swift in Sources */,
				624700202B7E56A8008FEFE2 /* SwiftCalendarApp.swift in Sources */,
				62C58DC62B85286F0021160B /* Day.swift in Sources */,
				624700352B7E964D008FEFE2 /* Date+Ext.swift in Sources */,
			);
			runOnlyForDeploymentPostprocessing = 0;
		};
/* End PBXSourcesBuildPhase section */

/* Begin PBXTargetDependency section */
		62234C562B7FBA98006C17A7 /* PBXTargetDependency */ = {
			isa = PBXTargetDependency;
			target = 62234C442B7FBA96006C17A7 /* SwiftCalendarWidgetExtension */;
			targetProxy = 62234C552B7FBA98006C17A7 /* PBXContainerItemProxy */;
		};
/* End PBXTargetDependency section */

/* Begin XCBuildConfiguration section */
		62234C592B7FBA98006C17A7 /* Debug */ = {
			isa = XCBuildConfiguration;
			buildSettings = {
				ASSETCATALOG_COMPILER_GLOBAL_ACCENT_COLOR_NAME = AccentColor;
				ASSETCATALOG_COMPILER_WIDGET_BACKGROUND_COLOR_NAME = WidgetBackground;
				CODE_SIGN_ENTITLEMENTS = SwiftCalendarWidgetExtension.entitlements;
				CODE_SIGN_STYLE = Automatic;
				CURRENT_PROJECT_VERSION = 1;
				DEVELOPMENT_TEAM = 6899T44Y9K;
				GENERATE_INFOPLIST_FILE = YES;
				INFOPLIST_FILE = SwiftCalendarWidget/Info.plist;
				INFOPLIST_KEY_CFBundleDisplayName = SwiftCalendarWidget;
				INFOPLIST_KEY_NSHumanReadableCopyright = "";
				LD_RUNPATH_SEARCH_PATHS = (
					"$(inherited)",
					"@executable_path/Frameworks",
					"@executable_path/../../Frameworks",
				);
				MARKETING_VERSION = 1.0;
				PRODUCT_BUNDLE_IDENTIFIER = co.matiasmart.SwiftCalendar.SwiftCalendarWidget;
				PRODUCT_NAME = "$(TARGET_NAME)";
				SKIP_INSTALL = YES;
				SWIFT_EMIT_LOC_STRINGS = YES;
				SWIFT_VERSION = 5.0;
				TARGETED_DEVICE_FAMILY = "1,2";
			};
			name = Debug;
		};
		62234C5A2B7FBA98006C17A7 /* Release */ = {
			isa = XCBuildConfiguration;
			buildSettings = {
				ASSETCATALOG_COMPILER_GLOBAL_ACCENT_COLOR_NAME = AccentColor;
				ASSETCATALOG_COMPILER_WIDGET_BACKGROUND_COLOR_NAME = WidgetBackground;
				CODE_SIGN_ENTITLEMENTS = SwiftCalendarWidgetExtension.entitlements;
				CODE_SIGN_STYLE = Automatic;
				CURRENT_PROJECT_VERSION = 1;
				DEVELOPMENT_TEAM = 6899T44Y9K;
				GENERATE_INFOPLIST_FILE = YES;
				INFOPLIST_FILE = SwiftCalendarWidget/Info.plist;
				INFOPLIST_KEY_CFBundleDisplayName = SwiftCalendarWidget;
				INFOPLIST_KEY_NSHumanReadableCopyright = "";
				LD_RUNPATH_SEARCH_PATHS = (
					"$(inherited)",
					"@executable_path/Frameworks",
					"@executable_path/../../Frameworks",
				);
				MARKETING_VERSION = 1.0;
				PRODUCT_BUNDLE_IDENTIFIER = co.matiasmart.SwiftCalendar.SwiftCalendarWidget;
				PRODUCT_NAME = "$(TARGET_NAME)";
				SKIP_INSTALL = YES;
				SWIFT_EMIT_LOC_STRINGS = YES;
				SWIFT_VERSION = 5.0;
				TARGETED_DEVICE_FAMILY = "1,2";
			};
			name = Release;
		};
		6247002F2B7E56A9008FEFE2 /* Debug */ = {
			isa = XCBuildConfiguration;
			buildSettings = {
				ALWAYS_SEARCH_USER_PATHS = NO;
				ASSETCATALOG_COMPILER_GENERATE_SWIFT_ASSET_SYMBOL_EXTENSIONS = YES;
				CLANG_ANALYZER_NONNULL = YES;
				CLANG_ANALYZER_NUMBER_OBJECT_CONVERSION = YES_AGGRESSIVE;
				CLANG_CXX_LANGUAGE_STANDARD = "gnu++20";
				CLANG_ENABLE_MODULES = YES;
				CLANG_ENABLE_OBJC_ARC = YES;
				CLANG_ENABLE_OBJC_WEAK = YES;
				CLANG_WARN_BLOCK_CAPTURE_AUTORELEASING = YES;
				CLANG_WARN_BOOL_CONVERSION = YES;
				CLANG_WARN_COMMA = YES;
				CLANG_WARN_CONSTANT_CONVERSION = YES;
				CLANG_WARN_DEPRECATED_OBJC_IMPLEMENTATIONS = YES;
				CLANG_WARN_DIRECT_OBJC_ISA_USAGE = YES_ERROR;
				CLANG_WARN_DOCUMENTATION_COMMENTS = YES;
				CLANG_WARN_EMPTY_BODY = YES;
				CLANG_WARN_ENUM_CONVERSION = YES;
				CLANG_WARN_INFINITE_RECURSION = YES;
				CLANG_WARN_INT_CONVERSION = YES;
				CLANG_WARN_NON_LITERAL_NULL_CONVERSION = YES;
				CLANG_WARN_OBJC_IMPLICIT_RETAIN_SELF = YES;
				CLANG_WARN_OBJC_LITERAL_CONVERSION = YES;
				CLANG_WARN_OBJC_ROOT_CLASS = YES_ERROR;
				CLANG_WARN_QUOTED_INCLUDE_IN_FRAMEWORK_HEADER = YES;
				CLANG_WARN_RANGE_LOOP_ANALYSIS = YES;
				CLANG_WARN_STRICT_PROTOTYPES = YES;
				CLANG_WARN_SUSPICIOUS_MOVE = YES;
				CLANG_WARN_UNGUARDED_AVAILABILITY = YES_AGGRESSIVE;
				CLANG_WARN_UNREACHABLE_CODE = YES;
				CLANG_WARN__DUPLICATE_METHOD_MATCH = YES;
				COPY_PHASE_STRIP = NO;
				DEBUG_INFORMATION_FORMAT = dwarf;
				ENABLE_STRICT_OBJC_MSGSEND = YES;
				ENABLE_TESTABILITY = YES;
				ENABLE_USER_SCRIPT_SANDBOXING = YES;
				GCC_C_LANGUAGE_STANDARD = gnu17;
				GCC_DYNAMIC_NO_PIC = NO;
				GCC_NO_COMMON_BLOCKS = YES;
				GCC_OPTIMIZATION_LEVEL = 0;
				GCC_PREPROCESSOR_DEFINITIONS = (
					"DEBUG=1",
					"$(inherited)",
				);
				GCC_WARN_64_TO_32_BIT_CONVERSION = YES;
				GCC_WARN_ABOUT_RETURN_TYPE = YES_ERROR;
				GCC_WARN_UNDECLARED_SELECTOR = YES;
				GCC_WARN_UNINITIALIZED_AUTOS = YES_AGGRESSIVE;
				GCC_WARN_UNUSED_FUNCTION = YES;
				GCC_WARN_UNUSED_VARIABLE = YES;
				IPHONEOS_DEPLOYMENT_TARGET = 17.2;
				LOCALIZATION_PREFERS_STRING_CATALOGS = YES;
				MTL_ENABLE_DEBUG_INFO = INCLUDE_SOURCE;
				MTL_FAST_MATH = YES;
				ONLY_ACTIVE_ARCH = YES;
				SDKROOT = iphoneos;
				SWIFT_ACTIVE_COMPILATION_CONDITIONS = "DEBUG $(inherited)";
				SWIFT_OPTIMIZATION_LEVEL = "-Onone";
			};
			name = Debug;
		};
		624700302B7E56A9008FEFE2 /* Release */ = {
			isa = XCBuildConfiguration;
			buildSettings = {
				ALWAYS_SEARCH_USER_PATHS = NO;
				ASSETCATALOG_COMPILER_GENERATE_SWIFT_ASSET_SYMBOL_EXTENSIONS = YES;
				CLANG_ANALYZER_NONNULL = YES;
				CLANG_ANALYZER_NUMBER_OBJECT_CONVERSION = YES_AGGRESSIVE;
				CLANG_CXX_LANGUAGE_STANDARD = "gnu++20";
				CLANG_ENABLE_MODULES = YES;
				CLANG_ENABLE_OBJC_ARC = YES;
				CLANG_ENABLE_OBJC_WEAK = YES;
				CLANG_WARN_BLOCK_CAPTURE_AUTORELEASING = YES;
				CLANG_WARN_BOOL_CONVERSION = YES;
				CLANG_WARN_COMMA = YES;
				CLANG_WARN_CONSTANT_CONVERSION = YES;
				CLANG_WARN_DEPRECATED_OBJC_IMPLEMENTATIONS = YES;
				CLANG_WARN_DIRECT_OBJC_ISA_USAGE = YES_ERROR;
				CLANG_WARN_DOCUMENTATION_COMMENTS = YES;
				CLANG_WARN_EMPTY_BODY = YES;
				CLANG_WARN_ENUM_CONVERSION = YES;
				CLANG_WARN_INFINITE_RECURSION = YES;
				CLANG_WARN_INT_CONVERSION = YES;
				CLANG_WARN_NON_LITERAL_NULL_CONVERSION = YES;
				CLANG_WARN_OBJC_IMPLICIT_RETAIN_SELF = YES;
				CLANG_WARN_OBJC_LITERAL_CONVERSION = YES;
				CLANG_WARN_OBJC_ROOT_CLASS = YES_ERROR;
				CLANG_WARN_QUOTED_INCLUDE_IN_FRAMEWORK_HEADER = YES;
				CLANG_WARN_RANGE_LOOP_ANALYSIS = YES;
				CLANG_WARN_STRICT_PROTOTYPES = YES;
				CLANG_WARN_SUSPICIOUS_MOVE = YES;
				CLANG_WARN_UNGUARDED_AVAILABILITY = YES_AGGRESSIVE;
				CLANG_WARN_UNREACHABLE_CODE = YES;
				CLANG_WARN__DUPLICATE_METHOD_MATCH = YES;
				COPY_PHASE_STRIP = NO;
				DEBUG_INFORMATION_FORMAT = "dwarf-with-dsym";
				ENABLE_NS_ASSERTIONS = NO;
				ENABLE_STRICT_OBJC_MSGSEND = YES;
				ENABLE_USER_SCRIPT_SANDBOXING = YES;
				GCC_C_LANGUAGE_STANDARD = gnu17;
				GCC_NO_COMMON_BLOCKS = YES;
				GCC_WARN_64_TO_32_BIT_CONVERSION = YES;
				GCC_WARN_ABOUT_RETURN_TYPE = YES_ERROR;
				GCC_WARN_UNDECLARED_SELECTOR = YES;
				GCC_WARN_UNINITIALIZED_AUTOS = YES_AGGRESSIVE;
				GCC_WARN_UNUSED_FUNCTION = YES;
				GCC_WARN_UNUSED_VARIABLE = YES;
				IPHONEOS_DEPLOYMENT_TARGET = 17.2;
				LOCALIZATION_PREFERS_STRING_CATALOGS = YES;
				MTL_ENABLE_DEBUG_INFO = NO;
				MTL_FAST_MATH = YES;
				SDKROOT = iphoneos;
				SWIFT_COMPILATION_MODE = wholemodule;
				VALIDATE_PRODUCT = YES;
			};
			name = Release;
		};
		624700322B7E56A9008FEFE2 /* Debug */ = {
			isa = XCBuildConfiguration;
			buildSettings = {
				ALWAYS_EMBED_SWIFT_STANDARD_LIBRARIES = YES;
				ASSETCATALOG_COMPILER_APPICON_NAME = AppIcon;
				ASSETCATALOG_COMPILER_GLOBAL_ACCENT_COLOR_NAME = AccentColor;
				CODE_SIGN_ENTITLEMENTS = SwiftCalendar/SwiftCalendar.entitlements;
				CODE_SIGN_IDENTITY = "Apple Development";
				CODE_SIGN_STYLE = Automatic;
				CURRENT_PROJECT_VERSION = 1;
				DEVELOPMENT_ASSET_PATHS = "\"SwiftCalendar/Preview Content\"";
				DEVELOPMENT_TEAM = 6899T44Y9K;
				ENABLE_PREVIEWS = YES;
				GENERATE_INFOPLIST_FILE = YES;
				INFOPLIST_FILE = SwiftCalendar/Info.plist;
				INFOPLIST_KEY_UIApplicationSceneManifest_Generation = YES;
				INFOPLIST_KEY_UIApplicationSupportsIndirectInputEvents = YES;
				INFOPLIST_KEY_UILaunchScreen_Generation = YES;
				INFOPLIST_KEY_UISupportedInterfaceOrientations_iPad = "UIInterfaceOrientationPortrait UIInterfaceOrientationPortraitUpsideDown UIInterfaceOrientationLandscapeLeft UIInterfaceOrientationLandscapeRight";
				INFOPLIST_KEY_UISupportedInterfaceOrientations_iPhone = "UIInterfaceOrientationPortrait UIInterfaceOrientationLandscapeLeft UIInterfaceOrientationLandscapeRight";
				LD_RUNPATH_SEARCH_PATHS = (
					"$(inherited)",
					"@executable_path/Frameworks",
				);
				MARKETING_VERSION = 1.0;
				PRODUCT_BUNDLE_IDENTIFIER = co.matiasmart.SwiftCalendar;
				PRODUCT_NAME = "$(TARGET_NAME)";
				PROVISIONING_PROFILE_SPECIFIER = "";
				SWIFT_EMIT_LOC_STRINGS = YES;
				SWIFT_VERSION = 5.0;
				TARGETED_DEVICE_FAMILY = "1,2";
			};
			name = Debug;
		};
		624700332B7E56A9008FEFE2 /* Release */ = {
			isa = XCBuildConfiguration;
			buildSettings = {
				ALWAYS_EMBED_SWIFT_STANDARD_LIBRARIES = YES;
				ASSETCATALOG_COMPILER_APPICON_NAME = AppIcon;
				ASSETCATALOG_COMPILER_GLOBAL_ACCENT_COLOR_NAME = AccentColor;
				CODE_SIGN_ENTITLEMENTS = SwiftCalendar/SwiftCalendar.entitlements;
				CODE_SIGN_IDENTITY = "Apple Development";
				CODE_SIGN_STYLE = Automatic;
				CURRENT_PROJECT_VERSION = 1;
				DEVELOPMENT_ASSET_PATHS = "\"SwiftCalendar/Preview Content\"";
				DEVELOPMENT_TEAM = 6899T44Y9K;
				ENABLE_PREVIEWS = YES;
				GENERATE_INFOPLIST_FILE = YES;
				INFOPLIST_FILE = SwiftCalendar/Info.plist;
				INFOPLIST_KEY_UIApplicationSceneManifest_Generation = YES;
				INFOPLIST_KEY_UIApplicationSupportsIndirectInputEvents = YES;
				INFOPLIST_KEY_UILaunchScreen_Generation = YES;
				INFOPLIST_KEY_UISupportedInterfaceOrientations_iPad = "UIInterfaceOrientationPortrait UIInterfaceOrientationPortraitUpsideDown UIInterfaceOrientationLandscapeLeft UIInterfaceOrientationLandscapeRight";
				INFOPLIST_KEY_UISupportedInterfaceOrientations_iPhone = "UIInterfaceOrientationPortrait UIInterfaceOrientationLandscapeLeft UIInterfaceOrientationLandscapeRight";
				LD_RUNPATH_SEARCH_PATHS = (
					"$(inherited)",
					"@executable_path/Frameworks",
				);
				MARKETING_VERSION = 1.0;
				PRODUCT_BUNDLE_IDENTIFIER = co.matiasmart.SwiftCalendar;
				PRODUCT_NAME = "$(TARGET_NAME)";
				PROVISIONING_PROFILE_SPECIFIER = "";
				SWIFT_EMIT_LOC_STRINGS = YES;
				SWIFT_VERSION = 5.0;
				TARGETED_DEVICE_FAMILY = "1,2";
			};
			name = Release;
		};
/* End XCBuildConfiguration section */

/* Begin XCConfigurationList section */
		62234C5B2B7FBA98006C17A7 /* Build configuration list for PBXNativeTarget "SwiftCalendarWidgetExtension" */ = {
			isa = XCConfigurationList;
			buildConfigurations = (
				62234C592B7FBA98006C17A7 /* Debug */,
				62234C5A2B7FBA98006C17A7 /* Release */,
			);
			defaultConfigurationIsVisible = 0;
			defaultConfigurationName = Release;
		};
		624700172B7E56A8008FEFE2 /* Build configuration list for PBXProject "SwiftCalendar" */ = {
			isa = XCConfigurationList;
			buildConfigurations = (
				6247002F2B7E56A9008FEFE2 /* Debug */,
				624700302B7E56A9008FEFE2 /* Release */,
			);
			defaultConfigurationIsVisible = 0;
			defaultConfigurationName = Release;
		};
		624700312B7E56A9008FEFE2 /* Build configuration list for PBXNativeTarget "SwiftCalendar" */ = {
			isa = XCConfigurationList;
			buildConfigurations = (
				624700322B7E56A9008FEFE2 /* Debug */,
				624700332B7E56A9008FEFE2 /* Release */,
			);
			defaultConfigurationIsVisible = 0;
			defaultConfigurationName = Release;
		};
/* End XCConfigurationList section */
	};
	rootObject = 624700142B7E56A8008FEFE2 /* Project object */;
}
